
Microsoft Visual Studio Solution File, Format Version 12.00
Project("{FAE04EC0-301F-11D3-BF4B-00C04F79EFBC}") = "BackpackProblem", "BackpackProblem\BackpackProblem.csproj", "{C7C217C4-FD61-42AD-98B1-A9E511171472}"
EndProject
Global
	GlobalSection(SolutionConfigurationPlatforms) = preSolution
		Debug|Any CPU = Debug|Any CPU
		Release|Any CPU = Release|Any CPU
	EndGlobalSection
	GlobalSection(ProjectConfigurationPlatforms) = postSolution
		{C7C217C4-FD61-42AD-98B1-A9E511171472}.Debug|Any CPU.ActiveCfg = Debug|Any CPU
		{C7C217C4-FD61-42AD-98B1-A9E511171472}.Debug|Any CPU.Build.0 = Debug|Any CPU
		{C7C217C4-FD61-42AD-98B1-A9E511171472}.Release|Any CPU.ActiveCfg = Release|Any CPU
		{C7C217C4-FD61-42AD-98B1-A9E511171472}.Release|Any CPU.Build.0 = Release|Any CPU
	EndGlobalSection
EndGlobal
